
Microsoft Visual Studio Solution File, Format Version 12.00
# Visual Studio Version 17
VisualStudioVersion = 17.1.32328.378
MinimumVisualStudioVersion = 10.0.40219.1
Project("{FAE04EC0-301F-11D3-BF4B-00C04F79EFBC}") = "SuperChat.API", "SuperChat.API.csproj", "{3DCFD626-2CA2-48F5-8C82-5FA34717B8E7}"
EndProject
Global
	GlobalSection(SolutionConfigurationPlatforms) = preSolution
		Debug|Any CPU = Debug|Any CPU
		Release|Any CPU = Release|Any CPU
	EndGlobalSection
	GlobalSection(ProjectConfigurationPlatforms) = postSolution
		{3DCFD626-2CA2-48F5-8C82-5FA34717B8E7}.Debug|Any CPU.ActiveCfg = Debug|Any CPU
		{3DCFD626-2CA2-48F5-8C82-5FA34717B8E7}.Debug|Any CPU.Build.0 = Debug|Any CPU
		{3DCFD626-2CA2-48F5-8C82-5FA34717B8E7}.Release|Any CPU.ActiveCfg = Release|Any CPU
		{3DCFD626-2CA2-48F5-8C82-5FA34717B8E7}.Release|Any CPU.Build.0 = Release|Any CPU
	EndGlobalSection
	GlobalSection(SolutionProperties) = preSolution
		HideSolutionNode = FALSE
	EndGlobalSection
	GlobalSection(ExtensibilityGlobals) = postSolution
		SolutionGuid = {1E3385DE-D2CC-4B66-9CAD-1919EE5C73D0}
	EndGlobalSection
EndGlobal
